
Microsoft Visual Studio Solution File, Format Version 12.00
# Visual Studio Version 17
VisualStudioVersion = 17.8.34322.80
MinimumVisualStudioVersion = 10.0.40219.1
Project("{FAE04EC0-301F-11D3-BF4B-00C04F79EFBC}") = "Entities", "Entities\Entities.csproj", "{C57539BB-8114-4F71-9D21-897C7EBDFC52}"
EndProject
Project("{FAE04EC0-301F-11D3-BF4B-00C04F79EFBC}") = "DataAccess", "DataAccess\DataAccess.csproj", "{136DB4CF-81A0-4DA2-9D04-4CF6A805D489}"
EndProject
Project("{FAE04EC0-301F-11D3-BF4B-00C04F79EFBC}") = "Core", "Core\Core.csproj", "{3ED24826-9C4F-401C-8CA2-9BC3E4A053D2}"
EndProject
Project("{FAE04EC0-301F-11D3-BF4B-00C04F79EFBC}") = "Business", "Business\Business.csproj", "{5EC44D15-4D42-47B5-B5BF-84E52DFAF5EA}"
EndProject
Project("{FAE04EC0-301F-11D3-BF4B-00C04F79EFBC}") = "WorldLeagueAPI", "WorldLeagueAPI\WorldLeagueAPI.csproj", "{2CEA22E3-FE7F-4682-A97B-2AFB93C7CEBB}"
EndProject
Global
	GlobalSection(SolutionConfigurationPlatforms) = preSolution
		Debug|Any CPU = Debug|Any CPU
		Release|Any CPU = Release|Any CPU
	EndGlobalSection
	GlobalSection(ProjectConfigurationPlatforms) = postSolution
		{C57539BB-8114-4F71-9D21-897C7EBDFC52}.Debug|Any CPU.ActiveCfg = Debug|Any CPU
		{C57539BB-8114-4F71-9D21-897C7EBDFC52}.Debug|Any CPU.Build.0 = Debug|Any CPU
		{C57539BB-8114-4F71-9D21-897C7EBDFC52}.Release|Any CPU.ActiveCfg = Release|Any CPU
		{C57539BB-8114-4F71-9D21-897C7EBDFC52}.Release|Any CPU.Build.0 = Release|Any CPU
		{136DB4CF-81A0-4DA2-9D04-4CF6A805D489}.Debug|Any CPU.ActiveCfg = Debug|Any CPU
		{136DB4CF-81A0-4DA2-9D04-4CF6A805D489}.Debug|Any CPU.Build.0 = Debug|Any CPU
		{136DB4CF-81A0-4DA2-9D04-4CF6A805D489}.Release|Any CPU.ActiveCfg = Release|Any CPU
		{136DB4CF-81A0-4DA2-9D04-4CF6A805D489}.Release|Any CPU.Build.0 = Release|Any CPU
		{3ED24826-9C4F-401C-8CA2-9BC3E4A053D2}.Debug|Any CPU.ActiveCfg = Debug|Any CPU
		{3ED24826-9C4F-401C-8CA2-9BC3E4A053D2}.Debug|Any CPU.Build.0 = Debug|Any CPU
		{3ED24826-9C4F-401C-8CA2-9BC3E4A053D2}.Release|Any CPU.ActiveCfg = Release|Any CPU
		{3ED24826-9C4F-401C-8CA2-9BC3E4A053D2}.Release|Any CPU.Build.0 = Release|Any CPU
		{5EC44D15-4D42-47B5-B5BF-84E52DFAF5EA}.Debug|Any CPU.ActiveCfg = Debug|Any CPU
		{5EC44D15-4D42-47B5-B5BF-84E52DFAF5EA}.Debug|Any CPU.Build.0 = Debug|Any CPU
		{5EC44D15-4D42-47B5-B5BF-84E52DFAF5EA}.Release|Any CPU.ActiveCfg = Release|Any CPU
		{5EC44D15-4D42-47B5-B5BF-84E52DFAF5EA}.Release|Any CPU.Build.0 = Release|Any CPU
		{2CEA22E3-FE7F-4682-A97B-2AFB93C7CEBB}.Debug|Any CPU.ActiveCfg = Debug|Any CPU
		{2CEA22E3-FE7F-4682-A97B-2AFB93C7CEBB}.Debug|Any CPU.Build.0 = Debug|Any CPU
		{2CEA22E3-FE7F-4682-A97B-2AFB93C7CEBB}.Release|Any CPU.ActiveCfg = Release|Any CPU
		{2CEA22E3-FE7F-4682-A97B-2AFB93C7CEBB}.Release|Any CPU.Build.0 = Release|Any CPU
	EndGlobalSection
	GlobalSection(SolutionProperties) = preSolution
		HideSolutionNode = FALSE
	EndGlobalSection
	GlobalSection(ExtensibilityGlobals) = postSolution
		SolutionGuid = {B3BAB354-6E7D-4DAF-9FC2-06C6BB5BD330}
	EndGlobalSection
EndGlobal
